PODS:
  - AFNetworking (3.1.0):
    - AFNetworking/NSURLSession (= 3.1.0)
    - AFNetworking/Reachability (= 3.1.0)
    - AFNetworking/Security (= 3.1.0)
    - AFNetworking/Serialization (= 3.1.0)
    - AFNetworking/UIKit (= 3.1.0)
  - AFNetworking/NSURLSession (3.1.0):
    - AFNetworking/Reachability
    - AFNetworking/Security
    - AFNetworking/Serialization
  - AFNetworking/Reachability (3.1.0)
  - AFNetworking/Security (3.1.0)
  - AFNetworking/Serialization (3.1.0)
  - AFNetworking/UIKit (3.1.0):
    - AFNetworking/NSURLSession
  - FMDB (2.6.2):
    - FMDB/standard (= 2.6.2)
  - FMDB/standard (2.6.2)
  - iCarousel (1.8.3)
  - LSStatusBarHUD (1.0.1)
  - Masonry (1.0.2)
  - MBProgressHUD (1.0.0)
  - MJExtension (3.0.13)
  - MJRefresh (3.1.12)
  - RESideMenu (4.0.7)
  - SDWebImage (4.0.0):
    - SDWebImage/Core (= 4.0.0)
  - SDWebImage/Core (4.0.0)
  - SSKeychain (1.4.1)
  - UMengAnalytics (4.2.4)

DEPENDENCIES:
  - AFNetworking
  - FMDB
  - iCarousel
  - LSStatusBarHUD
  - Masonry
  - MBProgressHUD
  - MJExtension
  - MJRefresh
  - RESideMenu
  - SDWebImage
  - SSKeychain
  - UMengAnalytics

SPEC CHECKSUMS:
  AFNetworking: 5e0e199f73d8626b11e79750991f5d173d1f8b67
  FMDB: 854a0341b4726e53276f2a8996f06f1b80f9259a
  iCarousel: d782f635afac190c49bb8ee455882284cff8b85f
  LSStatusBarHUD: c87fc71f288c16cd777045fa74652125207ac65f
  Masonry: 7c429b56da9d4ee0bbb3ed77a5ea710d6a5df39e
  MBProgressHUD: 4890f671c94e8a0f3cf959aa731e9de2f036d71a
  MJExtension: 5932755f451458eefa24239358817f8d291240c7
  MJRefresh: b96cdb21c4aa75a7b07654311ab2f315c497e806
  RESideMenu: f24c508404b49c667344c54aba7e590883533958
  SDWebImage: 76a6348bdc74eb5a55dd08a091ef298e56b55e41
  SSKeychain: 55cc80f66f5c73da827e3077f02e43528897db41
  UMengAnalytics: ef8d45f94c0e5771dc364cf6a5731d9d3b101da2

PODFILE CHECKSUM: 952e0331fd40c98dd9bf2435016dcea7f364ec1e

COCOAPODS: 1.1.1
